PODS:
  - DateToolsSwift (5.0.0)
  - SnapKit (4.2.0)

DEPENDENCIES:
  - DateToolsSwift
  - SnapKit

SPEC REPOS:
  https://github.com/CocoaPods/Specs.git:
    - DateToolsSwift
    - SnapKit

SPEC CHECKSUMS:
  DateToolsSwift: 4207ada6ad615d8dc076323d27037c94916dbfa6
  SnapKit: fe8a619752f3f27075cc9a90244d75c6c3f27e2a

PODFILE CHECKSUM: d1c47b577b0302c8d0c64b1ac07e43f34d10f7b0

COCOAPODS: 1.15.2
