PODS:
  - NMRangeSlider (1.2.2)
  - SnapKit (0.15.0)

DEPENDENCIES:
  - NMRangeSlider (from `https://github.com/n13/NMRangeSlider.git`)
  - SnapKit (~> 0.15.0)

EXTERNAL SOURCES:
  NMRangeSlider:
    :git: https://github.com/n13/NMRangeSlider.git

CHECKOUT OPTIONS:
  NMRangeSlider:
    :commit: 04236d94673be84a3fb2324d67e40e12c26b631c
    :git: https://github.com/n13/NMRangeSlider.git

SPEC CHECKSUMS:
  NMRangeSlider: 02bb205d0c7f9bea09b5cf00fbcbc2bc2e3e10ff
  SnapKit: 4962eed2ee18e48cbd2b2292fffc57efe7235f87

COCOAPODS: 0.38.1
